
Microsoft Visual Studio Solution File, Format Version 12.00
# Visual Studio Version 17
VisualStudioVersion = 17.9.34701.34
MinimumVisualStudioVersion = 10.0.40219.1
Project("{FAE04EC0-301F-11D3-BF4B-00C04F79EFBC}") = "ExploreBakubk", "ExploreBakubk\ExploreBakubk.csproj", "{5E1C8518-3A2C-46CF-874D-5A8CD7F0BF68}"
EndProject
Global
	GlobalSection(SolutionConfigurationPlatforms) = preSolution
		Debug|Any CPU = Debug|Any CPU
		Release|Any CPU = Release|Any CPU
	EndGlobalSection
	GlobalSection(ProjectConfigurationPlatforms) = postSolution
		{5E1C8518-3A2C-46CF-874D-5A8CD7F0BF68}.Debug|Any CPU.ActiveCfg = Debug|Any CPU
		{5E1C8518-3A2C-46CF-874D-5A8CD7F0BF68}.Debug|Any CPU.Build.0 = Debug|Any CPU
		{5E1C8518-3A2C-46CF-874D-5A8CD7F0BF68}.Release|Any CPU.ActiveCfg = Release|Any CPU
		{5E1C8518-3A2C-46CF-874D-5A8CD7F0BF68}.Release|Any CPU.Build.0 = Release|Any CPU
	EndGlobalSection
	GlobalSection(SolutionProperties) = preSolution
		HideSolutionNode = FALSE
	EndGlobalSection
	GlobalSection(ExtensibilityGlobals) = postSolution
		SolutionGuid = {2116D4CF-D9C2-4430-BDB1-7B634ACBEF3A}
	EndGlobalSection
EndGlobal
